
Microsoft Visual Studio Solution File, Format Version 12.00
# Visual Studio Version 16
VisualStudioVersion = 16.0.29209.62
MinimumVisualStudioVersion = 10.0.40219.1
Project("{FAE04EC0-301F-11D3-BF4B-00C04F79EFBC}") = "wolven531-website", "wolven531-website\wolven531-website.csproj", "{4FCA4AB1-FCD2-4ED4-8F18-FA0F9037D641}"
EndProject
Global
	GlobalSection(SolutionConfigurationPlatforms) = preSolution
		Debug|Any CPU = Debug|Any CPU
		Release|Any CPU = Release|Any CPU
	EndGlobalSection
	GlobalSection(ProjectConfigurationPlatforms) = postSolution
		{4FCA4AB1-FCD2-4ED4-8F18-FA0F9037D641}.Debug|Any CPU.ActiveCfg = Debug|Any CPU
		{4FCA4AB1-FCD2-4ED4-8F18-FA0F9037D641}.Debug|Any CPU.Build.0 = Debug|Any CPU
		{4FCA4AB1-FCD2-4ED4-8F18-FA0F9037D641}.Release|Any CPU.ActiveCfg = Release|Any CPU
		{4FCA4AB1-FCD2-4ED4-8F18-FA0F9037D641}.Release|Any CPU.Build.0 = Release|Any CPU
	EndGlobalSection
	GlobalSection(SolutionProperties) = preSolution
		HideSolutionNode = FALSE
	EndGlobalSection
	GlobalSection(ExtensibilityGlobals) = postSolution
		SolutionGuid = {5A5BF958-876A-4741-B1BE-3B0445AF0DD8}
	EndGlobalSection
EndGlobal
